
Microsoft Visual Studio Solution File, Format Version 12.00
# Visual Studio Version 16
VisualStudioVersion = 16.0.31205.134
MinimumVisualStudioVersion = 10.0.40219.1
Project("{9A19103F-16F7-4668-BE54-9A1E7A4F7556}") = "SamsonsForge.GenericServiceScopeFactory", "SamsonsForge.GenericServiceScopeFactory\SamsonsForge.GenericServiceScopeFactory.csproj", "{C7879E24-F14D-440C-8840-4D183D38E22F}"
EndProject
Global
	GlobalSection(SolutionConfigurationPlatforms) = preSolution
		Debug|Any CPU = Debug|Any CPU
		Release|Any CPU = Release|Any CPU
	EndGlobalSection
	GlobalSection(ProjectConfigurationPlatforms) = postSolution
		{C7879E24-F14D-440C-8840-4D183D38E22F}.Debug|Any CPU.ActiveCfg = Debug|Any CPU
		{C7879E24-F14D-440C-8840-4D183D38E22F}.Debug|Any CPU.Build.0 = Debug|Any CPU
		{C7879E24-F14D-440C-8840-4D183D38E22F}.Release|Any CPU.ActiveCfg = Release|Any CPU
		{C7879E24-F14D-440C-8840-4D183D38E22F}.Release|Any CPU.Build.0 = Release|Any CPU
	EndGlobalSection
	GlobalSection(SolutionProperties) = preSolution
		HideSolutionNode = FALSE
	EndGlobalSection
	GlobalSection(ExtensibilityGlobals) = postSolution
		SolutionGuid = {5881ECCF-D677-46F2-A0BF-BA327D92F51B}
	EndGlobalSection
EndGlobal
